
Microsoft Visual Studio Solution File, Format Version 12.00
# Visual Studio Version 16
VisualStudioVersion = 16.0.30114.105
MinimumVisualStudioVersion = 10.0.40219.1
Project("{9A19103F-16F7-4668-BE54-9A1E7A4F7556}") = "R5T.F0012", "R5T.F0012\R5T.F0012.csproj", "{9DED28DB-AD2A-4B42-BBCE-244018CA947C}"
EndProject
Project("{2150E333-8FDC-42A3-9474-1A3956D46DE8}") = "_Dependencies", "_Dependencies", "{6D6CCE69-2688-4ED1-96DB-1F3D40EE6EA5}"
EndProject
Project("{9A19103F-16F7-4668-BE54-9A1E7A4F7556}") = "R5T.T0135", "..\..\R5T.T0135\source\R5T.T0135\R5T.T0135.csproj", "{7050D065-382A-4BB1-A7A7-0D4F89846E16}"
EndProject
Project("{9A19103F-16F7-4668-BE54-9A1E7A4F7556}") = "R5T.L0011", "..\..\R5T.L0011\source\R5T.L0011\R5T.L0011.csproj", "{9E682388-2E4C-48B7-9AA0-315554D2964C}"
EndProject
Project("{9A19103F-16F7-4668-BE54-9A1E7A4F7556}") = "R5T.X0005", "..\..\R5T.X0005\source\R5T.X0005\R5T.X0005.csproj", "{552B475F-D5AA-44D0-B060-BE7DDCF91D1E}"
EndProject
Project("{9A19103F-16F7-4668-BE54-9A1E7A4F7556}") = "R5T.F0003", "..\..\R5T.F0003\source\R5T.F0003\R5T.F0003.csproj", "{054C8026-E2B5-45A0-9EFF-77A4323CCF73}"
EndProject
Project("{9A19103F-16F7-4668-BE54-9A1E7A4F7556}") = "R5T.T0132", "..\..\R5T.T0132\source\R5T.T0132\R5T.T0132.csproj", "{0631464F-B1F9-4396-BFD2-F3F1F5B58165}"
EndProject
Project("{9A19103F-16F7-4668-BE54-9A1E7A4F7556}") = "R5T.Magyar", "..\..\R5T.Magyar\source\R5T.Magyar\R5T.Magyar.csproj", "{7B5BF6E5-ABCC-4812-B230-A952481218F5}"
EndProject
Global
	GlobalSection(SolutionConfigurationPlatforms) = preSolution
		Debug|Any CPU = Debug|Any CPU
		Debug|x64 = Debug|x64
		Debug|x86 = Debug|x86
		Release|Any CPU = Release|Any CPU
		Release|x64 = Release|x64
		Release|x86 = Release|x86
	EndGlobalSection
	GlobalSection(ProjectConfigurationPlatforms) = postSolution
		{9DED28DB-AD2A-4B42-BBCE-244018CA947C}.Debug|Any CPU.ActiveCfg = Debug|Any CPU
		{9DED28DB-AD2A-4B42-BBCE-244018CA947C}.Debug|Any CPU.Build.0 = Debug|Any CPU
		{9DED28DB-AD2A-4B42-BBCE-244018CA947C}.Debug|x64.ActiveCfg = Debug|Any CPU
		{9DED28DB-AD2A-4B42-BBCE-244018CA947C}.Debug|x64.Build.0 = Debug|Any CPU
		{9DED28DB-AD2A-4B42-BBCE-244018CA947C}.Debug|x86.ActiveCfg = Debug|Any CPU
		{9DED28DB-AD2A-4B42-BBCE-244018CA947C}.Debug|x86.Build.0 = Debug|Any CPU
		{9DED28DB-AD2A-4B42-BBCE-244018CA947C}.Release|Any CPU.ActiveCfg = Release|Any CPU
		{9DED28DB-AD2A-4B42-BBCE-244018CA947C}.Release|Any CPU.Build.0 = Release|Any CPU
		{9DED28DB-AD2A-4B42-BBCE-244018CA947C}.Release|x64.ActiveCfg = Release|Any CPU
		{9DED28DB-AD2A-4B42-BBCE-244018CA947C}.Release|x64.Build.0 = Release|Any CPU
		{9DED28DB-AD2A-4B42-BBCE-244018CA947C}.Release|x86.ActiveCfg = Release|Any CPU
		{9DED28DB-AD2A-4B42-BBCE-244018CA947C}.Release|x86.Build.0 = Release|Any CPU
		{7050D065-382A-4BB1-A7A7-0D4F89846E16}.Debug|Any CPU.ActiveCfg = Debug|Any CPU
		{7050D065-382A-4BB1-A7A7-0D4F89846E16}.Debug|Any CPU.Build.0 = Debug|Any CPU
		{7050D065-382A-4BB1-A7A7-0D4F89846E16}.Debug|x64.ActiveCfg = Debug|Any CPU
		{7050D065-382A-4BB1-A7A7-0D4F89846E16}.Debug|x64.Build.0 = Debug|Any CPU
		{7050D065-382A-4BB1-A7A7-0D4F89846E16}.Debug|x86.ActiveCfg = Debug|Any CPU
		{7050D065-382A-4BB1-A7A7-0D4F89846E16}.Debug|x86.Build.0 = Debug|Any CPU
		{7050D065-382A-4BB1-A7A7-0D4F89846E16}.Release|Any CPU.ActiveCfg = Release|Any CPU
		{7050D065-382A-4BB1-A7A7-0D4F89846E16}.Release|Any CPU.Build.0 = Release|Any CPU
		{7050D065-382A-4BB1-A7A7-0D4F89846E16}.Release|x64.ActiveCfg = Release|Any CPU
		{7050D065-382A-4BB1-A7A7-0D4F89846E16}.Release|x64.Build.0 = Release|Any CPU
		{7050D065-382A-4BB1-A7A7-0D4F89846E16}.Release|x86.ActiveCfg = Release|Any CPU
		{7050D065-382A-4BB1-A7A7-0D4F89846E16}.Release|x86.Build.0 = Release|Any CPU
		{9E682388-2E4C-48B7-9AA0-315554D2964C}.Debug|Any CPU.ActiveCfg = Debug|Any CPU
		{9E682388-2E4C-48B7-9AA0-315554D2964C}.Debug|Any CPU.Build.0 = Debug|Any CPU
		{9E682388-2E4C-48B7-9AA0-315554D2964C}.Debug|x64.ActiveCfg = Debug|Any CPU
		{9E682388-2E4C-48B7-9AA0-315554D2964C}.Debug|x64.Build.0 = Debug|Any CPU
		{9E682388-2E4C-48B7-9AA0-315554D2964C}.Debug|x86.ActiveCfg = Debug|Any CPU
		{9E682388-2E4C-48B7-9AA0-315554D2964C}.Debug|x86.Build.0 = Debug|Any CPU
		{9E682388-2E4C-48B7-9AA0-315554D2964C}.Release|Any CPU.ActiveCfg = Release|Any CPU
		{9E682388-2E4C-48B7-9AA0-315554D2964C}.Release|Any CPU.Build.0 = Release|Any CPU
		{9E682388-2E4C-48B7-9AA0-315554D2964C}.Release|x64.ActiveCfg = Release|Any CPU
		{9E682388-2E4C-48B7-9AA0-315554D2964C}.Release|x64.Build.0 = Release|Any CPU
		{9E682388-2E4C-48B7-9AA0-315554D2964C}.Release|x86.ActiveCfg = Release|Any CPU
		{9E682388-2E4C-48B7-9AA0-315554D2964C}.Release|x86.Build.0 = Release|Any CPU
		{552B475F-D5AA-44D0-B060-BE7DDCF91D1E}.Debug|Any CPU.ActiveCfg = Debug|Any CPU
		{552B475F-D5AA-44D0-B060-BE7DDCF91D1E}.Debug|Any CPU.Build.0 = Debug|Any CPU
		{552B475F-D5AA-44D0-B060-BE7DDCF91D1E}.Debug|x64.ActiveCfg = Debug|Any CPU
		{552B475F-D5AA-44D0-B060-BE7DDCF91D1E}.Debug|x64.Build.0 = Debug|Any CPU
		{552B475F-D5AA-44D0-B060-BE7DDCF91D1E}.Debug|x86.ActiveCfg = Debug|Any CPU
		{552B475F-D5AA-44D0-B060-BE7DDCF91D1E}.Debug|x86.Build.0 = Debug|Any CPU
		{552B475F-D5AA-44D0-B060-BE7DDCF91D1E}.Release|Any CPU.ActiveCfg = Release|Any CPU
		{552B475F-D5AA-44D0-B060-BE7DDCF91D1E}.Release|Any CPU.Build.0 = Release|Any CPU
		{552B475F-D5AA-44D0-B060-BE7DDCF91D1E}.Release|x64.ActiveCfg = Release|Any CPU
		{552B475F-D5AA-44D0-B060-BE7DDCF91D1E}.Release|x64.Build.0 = Release|Any CPU
		{552B475F-D5AA-44D0-B060-BE7DDCF91D1E}.Release|x86.ActiveCfg = Release|Any CPU
		{552B475F-D5AA-44D0-B060-BE7DDCF91D1E}.Release|x86.Build.0 = Release|Any CPU
		{054C8026-E2B5-45A0-9EFF-77A4323CCF73}.Debug|Any CPU.ActiveCfg = Debug|Any CPU
		{054C8026-E2B5-45A0-9EFF-77A4323CCF73}.Debug|Any CPU.Build.0 = Debug|Any CPU
		{054C8026-E2B5-45A0-9EFF-77A4323CCF73}.Debug|x64.ActiveCfg = Debug|Any CPU
		{054C8026-E2B5-45A0-9EFF-77A4323CCF73}.Debug|x64.Build.0 = Debug|Any CPU
		{054C8026-E2B5-45A0-9EFF-77A4323CCF73}.Debug|x86.ActiveCfg = Debug|Any CPU
		{054C8026-E2B5-45A0-9EFF-77A4323CCF73}.Debug|x86.Build.0 = Debug|Any CPU
		{054C8026-E2B5-45A0-9EFF-77A4323CCF73}.Release|Any CPU.ActiveCfg = Release|Any CPU
		{054C8026-E2B5-45A0-9EFF-77A4323CCF73}.Release|Any CPU.Build.0 = Release|Any CPU
		{054C8026-E2B5-45A0-9EFF-77A4323CCF73}.Release|x64.ActiveCfg = Release|Any CPU
		{054C8026-E2B5-45A0-9EFF-77A4323CCF73}.Release|x64.Build.0 = Release|Any CPU
		{054C8026-E2B5-45A0-9EFF-77A4323CCF73}.Release|x86.ActiveCfg = Release|Any CPU
		{054C8026-E2B5-45A0-9EFF-77A4323CCF73}.Release|x86.Build.0 = Release|Any CPU
		{0631464F-B1F9-4396-BFD2-F3F1F5B58165}.Debug|Any CPU.ActiveCfg = Debug|Any CPU
		{0631464F-B1F9-4396-BFD2-F3F1F5B58165}.Debug|Any CPU.Build.0 = Debug|Any CPU
		{0631464F-B1F9-4396-BFD2-F3F1F5B58165}.Debug|x64.ActiveCfg = Debug|Any CPU
		{0631464F-B1F9-4396-BFD2-F3F1F5B58165}.Debug|x64.Build.0 = Debug|Any CPU
		{0631464F-B1F9-4396-BFD2-F3F1F5B58165}.Debug|x86.ActiveCfg = Debug|Any CPU
		{0631464F-B1F9-4396-BFD2-F3F1F5B58165}.Debug|x86.Build.0 = Debug|Any CPU
		{0631464F-B1F9-4396-BFD2-F3F1F5B58165}.Release|Any CPU.ActiveCfg = Release|Any CPU
		{0631464F-B1F9-4396-BFD2-F3F1F5B58165}.Release|Any CPU.Build.0 = Release|Any CPU
		{0631464F-B1F9-4396-BFD2-F3F1F5B58165}.Release|x64.ActiveCfg = Release|Any CPU
		{0631464F-B1F9-4396-BFD2-F3F1F5B58165}.Release|x64.Build.0 = Release|Any CPU
		{0631464F-B1F9-4396-BFD2-F3F1F5B58165}.Release|x86.ActiveCfg = Release|Any CPU
		{0631464F-B1F9-4396-BFD2-F3F1F5B58165}.Release|x86.Build.0 = Release|Any CPU
		{7B5BF6E5-ABCC-4812-B230-A952481218F5}.Debug|Any CPU.ActiveCfg = Debug|Any CPU
		{7B5BF6E5-ABCC-4812-B230-A952481218F5}.Debug|Any CPU.Build.0 = Debug|Any CPU
		{7B5BF6E5-ABCC-4812-B230-A952481218F5}.Debug|x64.ActiveCfg = Debug|Any CPU
		{7B5BF6E5-ABCC-4812-B230-A952481218F5}.Debug|x64.Build.0 = Debug|Any CPU
		{7B5BF6E5-ABCC-4812-B230-A952481218F5}.Debug|x86.ActiveCfg = Debug|Any CPU
		{7B5BF6E5-ABCC-4812-B230-A952481218F5}.Debug|x86.Build.0 = Debug|Any CPU
		{7B5BF6E5-ABCC-4812-B230-A952481218F5}.Release|Any CPU.ActiveCfg = Release|Any CPU
		{7B5BF6E5-ABCC-4812-B230-A952481218F5}.Release|Any CPU.Build.0 = Release|Any CPU
		{7B5BF6E5-ABCC-4812-B230-A952481218F5}.Release|x64.ActiveCfg = Release|Any CPU
		{7B5BF6E5-ABCC-4812-B230-A952481218F5}.Release|x64.Build.0 = Release|Any CPU
		{7B5BF6E5-ABCC-4812-B230-A952481218F5}.Release|x86.ActiveCfg = Release|Any CPU
		{7B5BF6E5-ABCC-4812-B230-A952481218F5}.Release|x86.Build.0 = Release|Any CPU
	EndGlobalSection
	GlobalSection(SolutionProperties) = preSolution
		HideSolutionNode = FALSE
	EndGlobalSection
	GlobalSection(NestedProjects) = preSolution
		{7050D065-382A-4BB1-A7A7-0D4F89846E16} = {6D6CCE69-2688-4ED1-96DB-1F3D40EE6EA5}
		{9E682388-2E4C-48B7-9AA0-315554D2964C} = {6D6CCE69-2688-4ED1-96DB-1F3D40EE6EA5}
		{552B475F-D5AA-44D0-B060-BE7DDCF91D1E} = {6D6CCE69-2688-4ED1-96DB-1F3D40EE6EA5}
		{054C8026-E2B5-45A0-9EFF-77A4323CCF73} = {6D6CCE69-2688-4ED1-96DB-1F3D40EE6EA5}
		{0631464F-B1F9-4396-BFD2-F3F1F5B58165} = {6D6CCE69-2688-4ED1-96DB-1F3D40EE6EA5}
		{7B5BF6E5-ABCC-4812-B230-A952481218F5} = {6D6CCE69-2688-4ED1-96DB-1F3D40EE6EA5}
	EndGlobalSection
	GlobalSection(ExtensibilityGlobals) = postSolution
		SolutionGuid = {C1EC0A92-8577-44B3-B87B-84CEDF800F63}
	EndGlobalSection
EndGlobal
